
Microsoft Visual Studio Solution File, Format Version 12.00
# Visual Studio 15
VisualStudioVersion = 15.0.28307.1000
MinimumVisualStudioVersion = 10.0.40219.1
Project("{FAE04EC0-301F-11D3-BF4B-00C04F79EFBC}") = "MBKoreanFont", "KoreaneMod\MBKoreanFont.csproj", "{672F6DCD-7598-478E-81BA-D5417AEFC638}"
EndProject
Project("{FAE04EC0-301F-11D3-BF4B-00C04F79EFBC}") = "Patcher", "Patcher\Patcher.csproj", "{6E5100FF-BAF0-430D-A7BE-4A4825553B9D}"
EndProject
Project("{FAE04EC0-301F-11D3-BF4B-00C04F79EFBC}") = "XmlSyncer", "XmlValidator\XmlSyncer.csproj", "{217BFB38-E5C5-41A4-BE72-F48A9471708F}"
EndProject
Global
	GlobalSection(SolutionConfigurationPlatforms) = preSolution
		Debug|Any CPU = Debug|Any CPU
		Release|Any CPU = Release|Any CPU
	EndGlobalSection
	GlobalSection(ProjectConfigurationPlatforms) = postSolution
		{672F6DCD-7598-478E-81BA-D5417AEFC638}.Debug|Any CPU.ActiveCfg = Debug|Any CPU
		{672F6DCD-7598-478E-81BA-D5417AEFC638}.Debug|Any CPU.Build.0 = Debug|Any CPU
		{672F6DCD-7598-478E-81BA-D5417AEFC638}.Release|Any CPU.ActiveCfg = Release|Any CPU
		{672F6DCD-7598-478E-81BA-D5417AEFC638}.Release|Any CPU.Build.0 = Release|Any CPU
		{6E5100FF-BAF0-430D-A7BE-4A4825553B9D}.Debug|Any CPU.ActiveCfg = Debug|Any CPU
		{6E5100FF-BAF0-430D-A7BE-4A4825553B9D}.Debug|Any CPU.Build.0 = Debug|Any CPU
		{6E5100FF-BAF0-430D-A7BE-4A4825553B9D}.Release|Any CPU.ActiveCfg = Release|Any CPU
		{6E5100FF-BAF0-430D-A7BE-4A4825553B9D}.Release|Any CPU.Build.0 = Release|Any CPU
		{217BFB38-E5C5-41A4-BE72-F48A9471708F}.Debug|Any CPU.ActiveCfg = Debug|Any CPU
		{217BFB38-E5C5-41A4-BE72-F48A9471708F}.Debug|Any CPU.Build.0 = Debug|Any CPU
		{217BFB38-E5C5-41A4-BE72-F48A9471708F}.Release|Any CPU.ActiveCfg = Release|Any CPU
		{217BFB38-E5C5-41A4-BE72-F48A9471708F}.Release|Any CPU.Build.0 = Release|Any CPU
	EndGlobalSection
	GlobalSection(SolutionProperties) = preSolution
		HideSolutionNode = FALSE
	EndGlobalSection
	GlobalSection(ExtensibilityGlobals) = postSolution
		SolutionGuid = {81EC06DB-7C27-43AC-BE91-1CB615F61646}
	EndGlobalSection
EndGlobal
