
Microsoft Visual Studio Solution File, Format Version 12.00
# Visual Studio 15
VisualStudioVersion = 15.0.28307.1000
MinimumVisualStudioVersion = 10.0.40219.1
Project("{FAE04EC0-301F-11D3-BF4B-00C04F79EFBC}") = "MBKoreanFont", "Mod\MBKoreanFont.csproj", "{672F6DCD-7598-478E-81BA-D5417AEFC638}"
EndProject
Project("{FAE04EC0-301F-11D3-BF4B-00C04F79EFBC}") = "MBKoreanFontInstaller", "MBKoreanFontInstaller\MBKoreanFontInstaller.csproj", "{462C0142-71FC-4E30-B383-CBF8E917653E}"
EndProject
Project("{FAE04EC0-301F-11D3-BF4B-00C04F79EFBC}") = "MBGoogleDrive", "MBKoreanFontInstallerConsole\MBGoogleDrive.csproj", "{F2FB7F40-5724-444A-947C-D096F495496B}"
EndProject
Global
	GlobalSection(SolutionConfigurationPlatforms) = preSolution
		Debug|Any CPU = Debug|Any CPU
		Debug|x64 = Debug|x64
		Release|Any CPU = Release|Any CPU
		Release|x64 = Release|x64
	EndGlobalSection
	GlobalSection(ProjectConfigurationPlatforms) = postSolution
		{672F6DCD-7598-478E-81BA-D5417AEFC638}.Debug|Any CPU.ActiveCfg = Debug|Any CPU
		{672F6DCD-7598-478E-81BA-D5417AEFC638}.Debug|Any CPU.Build.0 = Debug|Any CPU
		{672F6DCD-7598-478E-81BA-D5417AEFC638}.Debug|x64.ActiveCfg = Release|x64
		{672F6DCD-7598-478E-81BA-D5417AEFC638}.Debug|x64.Build.0 = Release|x64
		{672F6DCD-7598-478E-81BA-D5417AEFC638}.Release|Any CPU.ActiveCfg = Release|Any CPU
		{672F6DCD-7598-478E-81BA-D5417AEFC638}.Release|Any CPU.Build.0 = Release|Any CPU
		{672F6DCD-7598-478E-81BA-D5417AEFC638}.Release|x64.ActiveCfg = Release|x64
		{672F6DCD-7598-478E-81BA-D5417AEFC638}.Release|x64.Build.0 = Release|x64
		{462C0142-71FC-4E30-B383-CBF8E917653E}.Debug|Any CPU.ActiveCfg = Debug|Any CPU
		{462C0142-71FC-4E30-B383-CBF8E917653E}.Debug|Any CPU.Build.0 = Debug|Any CPU
		{462C0142-71FC-4E30-B383-CBF8E917653E}.Debug|x64.ActiveCfg = Debug|Any CPU
		{462C0142-71FC-4E30-B383-CBF8E917653E}.Debug|x64.Build.0 = Debug|Any CPU
		{462C0142-71FC-4E30-B383-CBF8E917653E}.Release|Any CPU.ActiveCfg = Release|Any CPU
		{462C0142-71FC-4E30-B383-CBF8E917653E}.Release|Any CPU.Build.0 = Release|Any CPU
		{462C0142-71FC-4E30-B383-CBF8E917653E}.Release|x64.ActiveCfg = Release|Any CPU
		{462C0142-71FC-4E30-B383-CBF8E917653E}.Release|x64.Build.0 = Release|Any CPU
		{F2FB7F40-5724-444A-947C-D096F495496B}.Debug|Any CPU.ActiveCfg = Debug|Any CPU
		{F2FB7F40-5724-444A-947C-D096F495496B}.Debug|Any CPU.Build.0 = Debug|Any CPU
		{F2FB7F40-5724-444A-947C-D096F495496B}.Debug|x64.ActiveCfg = Debug|Any CPU
		{F2FB7F40-5724-444A-947C-D096F495496B}.Debug|x64.Build.0 = Debug|Any CPU
		{F2FB7F40-5724-444A-947C-D096F495496B}.Release|Any CPU.ActiveCfg = Release|Any CPU
		{F2FB7F40-5724-444A-947C-D096F495496B}.Release|Any CPU.Build.0 = Release|Any CPU
		{F2FB7F40-5724-444A-947C-D096F495496B}.Release|x64.ActiveCfg = Release|Any CPU
		{F2FB7F40-5724-444A-947C-D096F495496B}.Release|x64.Build.0 = Release|Any CPU
	EndGlobalSection
	GlobalSection(SolutionProperties) = preSolution
		HideSolutionNode = FALSE
	EndGlobalSection
	GlobalSection(ExtensibilityGlobals) = postSolution
		SolutionGuid = {81EC06DB-7C27-43AC-BE91-1CB615F61646}
	EndGlobalSection
EndGlobal
